
Microsoft Visual Studio Solution File, Format Version 12.00
# Visual Studio Version 17
VisualStudioVersion = 17.0.31903.59
MinimumVisualStudioVersion = 10.0.40219.1
Project("{2150E333-8FDC-42A3-9474-1A3956D46DE8}") = "src", "src", "{D1922C0C-1665-41AD-8B2A-55961F8B8B17}"
EndProject
Project("{FAE04EC0-301F-11D3-BF4B-00C04F79EFBC}") = "UMS.Api", "src\UMS.Api\UMS.Api.csproj", "{B2EEFDCA-EB1C-47B6-93E3-ED10C391B848}"
EndProject
Project("{FAE04EC0-301F-11D3-BF4B-00C04F79EFBC}") = "UMS.Contracts", "src\UMS.Contracts\UMS.Contracts.csproj", "{853B9A71-486C-433E-80A8-41FE2F42EAB0}"
EndProject
Project("{FAE04EC0-301F-11D3-BF4B-00C04F79EFBC}") = "UMS.Features", "src\UMS.Features\UMS.Features.csproj", "{2D380E6F-664C-4594-A02A-AE8010CFC9C1}"
EndProject
Project("{FAE04EC0-301F-11D3-BF4B-00C04F79EFBC}") = "UMS.Persistence", "src\UMS.Persistence\UMS.Persistence.csproj", "{2AF824BB-5036-4B86-A086-0D510911DA15}"
EndProject
Project("{2150E333-8FDC-42A3-9474-1A3956D46DE8}") = "spec", "spec", "{953D50DB-165E-4423-98DD-D8A3590E233A}"
EndProject
Project("{FAE04EC0-301F-11D3-BF4B-00C04F79EFBC}") = "UMS.Integration.Spec", "spec\UMS.Integration.Spec\UMS.Integration.Spec.csproj", "{9581E0AE-EB38-4917-B140-93160C438EE6}"
EndProject
Global
	GlobalSection(SolutionConfigurationPlatforms) = preSolution
		Debug|Any CPU = Debug|Any CPU
		Release|Any CPU = Release|Any CPU
	EndGlobalSection
	GlobalSection(SolutionProperties) = preSolution
		HideSolutionNode = FALSE
	EndGlobalSection
	GlobalSection(NestedProjects) = preSolution
		{B2EEFDCA-EB1C-47B6-93E3-ED10C391B848} = {D1922C0C-1665-41AD-8B2A-55961F8B8B17}
		{853B9A71-486C-433E-80A8-41FE2F42EAB0} = {D1922C0C-1665-41AD-8B2A-55961F8B8B17}
		{2D380E6F-664C-4594-A02A-AE8010CFC9C1} = {D1922C0C-1665-41AD-8B2A-55961F8B8B17}
		{2AF824BB-5036-4B86-A086-0D510911DA15} = {D1922C0C-1665-41AD-8B2A-55961F8B8B17}
		{9581E0AE-EB38-4917-B140-93160C438EE6} = {953D50DB-165E-4423-98DD-D8A3590E233A}
	EndGlobalSection
	GlobalSection(ProjectConfigurationPlatforms) = postSolution
		{B2EEFDCA-EB1C-47B6-93E3-ED10C391B848}.Debug|Any CPU.ActiveCfg = Debug|Any CPU
		{B2EEFDCA-EB1C-47B6-93E3-ED10C391B848}.Debug|Any CPU.Build.0 = Debug|Any CPU
		{B2EEFDCA-EB1C-47B6-93E3-ED10C391B848}.Release|Any CPU.ActiveCfg = Release|Any CPU
		{B2EEFDCA-EB1C-47B6-93E3-ED10C391B848}.Release|Any CPU.Build.0 = Release|Any CPU
		{853B9A71-486C-433E-80A8-41FE2F42EAB0}.Debug|Any CPU.ActiveCfg = Debug|Any CPU
		{853B9A71-486C-433E-80A8-41FE2F42EAB0}.Debug|Any CPU.Build.0 = Debug|Any CPU
		{853B9A71-486C-433E-80A8-41FE2F42EAB0}.Release|Any CPU.ActiveCfg = Release|Any CPU
		{853B9A71-486C-433E-80A8-41FE2F42EAB0}.Release|Any CPU.Build.0 = Release|Any CPU
		{2D380E6F-664C-4594-A02A-AE8010CFC9C1}.Debug|Any CPU.ActiveCfg = Debug|Any CPU
		{2D380E6F-664C-4594-A02A-AE8010CFC9C1}.Debug|Any CPU.Build.0 = Debug|Any CPU
		{2D380E6F-664C-4594-A02A-AE8010CFC9C1}.Release|Any CPU.ActiveCfg = Release|Any CPU
		{2D380E6F-664C-4594-A02A-AE8010CFC9C1}.Release|Any CPU.Build.0 = Release|Any CPU
		{2AF824BB-5036-4B86-A086-0D510911DA15}.Debug|Any CPU.ActiveCfg = Debug|Any CPU
		{2AF824BB-5036-4B86-A086-0D510911DA15}.Debug|Any CPU.Build.0 = Debug|Any CPU
		{2AF824BB-5036-4B86-A086-0D510911DA15}.Release|Any CPU.ActiveCfg = Release|Any CPU
		{2AF824BB-5036-4B86-A086-0D510911DA15}.Release|Any CPU.Build.0 = Release|Any CPU
		{9581E0AE-EB38-4917-B140-93160C438EE6}.Debug|Any CPU.ActiveCfg = Debug|Any CPU
		{9581E0AE-EB38-4917-B140-93160C438EE6}.Debug|Any CPU.Build.0 = Debug|Any CPU
		{9581E0AE-EB38-4917-B140-93160C438EE6}.Release|Any CPU.ActiveCfg = Release|Any CPU
		{9581E0AE-EB38-4917-B140-93160C438EE6}.Release|Any CPU.Build.0 = Release|Any CPU
	EndGlobalSection
EndGlobal
